
Microsoft Visual Studio Solution File, Format Version 12.00
Project("{FAE04EC0-301F-11D3-BF4B-00C04F79EFBC}") = "API", "API\API.csproj", "{371E6687-5A36-46E5-9F12-4D26C82D6853}"
EndProject
Global
	GlobalSection(SolutionConfigurationPlatforms) = preSolution
		Debug|Any CPU = Debug|Any CPU
		Release|Any CPU = Release|Any CPU
	EndGlobalSection
	GlobalSection(ProjectConfigurationPlatforms) = postSolution
		{371E6687-5A36-46E5-9F12-4D26C82D6853}.Debug|Any CPU.ActiveCfg = Debug|Any CPU
		{371E6687-5A36-46E5-9F12-4D26C82D6853}.Debug|Any CPU.Build.0 = Debug|Any CPU
		{371E6687-5A36-46E5-9F12-4D26C82D6853}.Release|Any CPU.ActiveCfg = Release|Any CPU
		{371E6687-5A36-46E5-9F12-4D26C82D6853}.Release|Any CPU.Build.0 = Release|Any CPU
	EndGlobalSection
EndGlobal
